// !$*UTF8*$!
{ archiveVersion = 1; classes = {}; objectVersion = 56; objects = {
000000000000000000000001 = {isa = PBXProject; attributes = {LastUpgradeCheck = 1600; }; buildConfigurationList = 000000000000000000000014; compatibilityVersion = "Xcode 14.0"; developmentRegion = en; knownRegions = (en, Base); mainGroup = 000000000000000000000002; productRefGroup = 000000000000000000000003; projectDirPath = ""; projectRoot = ""; targets = (000000000000000000000004);};
000000000000000000000002 = {isa = PBXGroup; children = (000000000000000000000005, 000000000000000000000003); sourceTree = "<group>";};
000000000000000000000003 = {isa = PBXGroup; children = (000000000000000000000006); name = Products; sourceTree = "<group>";};
000000000000000000000004 = {isa = PBXNativeTarget; buildConfigurationList = 000000000000000000000015; buildPhases = (00000000000000000000000A, 00000000000000000000000B, 00000000000000000000000C); buildRules = (); dependencies = (); name = RealEstate; productName = RealEstate; productReference = 000000000000000000000006; productType = "com.apple.product-type.application";};
000000000000000000000005 = {isa = PBXGroup; children = (000000000000000000000007, 000000000000000000000008, 000000000000000000000009, 00000000000000000000000D); path = RealEstate; sourceTree = "<group>";};
000000000000000000000006 = {isa = PBXFileReference; explicitFileType = wrapper.application; includeInIndex = 0; path = RealEstate.app; sourceTree = BUILT_PRODUCTS_DIR;};
000000000000000000000007 = {isa = PBXFileReference; lastKnownFileType = sourcecode.swift; path = "RealEstateApp.swift"; sourceTree = "<group>";};
000000000000000000000008 = {isa = PBXFileReference; lastKnownFileType = sourcecode.swift; path = "Catalog.swift"; sourceTree = "<group>";};
000000000000000000000009 = {isa = PBXFileReference; lastKnownFileType = text.json; path = "Resources/catalog.json"; sourceTree = "<group>";};
00000000000000000000000D = {isa = PBXFileReference; lastKnownFileType = text.plist.xml; path = "Info.plist"; sourceTree = "<group>";};
00000000000000000000000E = {isa = PBXBuildFile; fileRef = 000000000000000000000007;};
00000000000000000000000F = {isa = PBXBuildFile; fileRef = 000000000000000000000008;};
000000000000000000000010 = {isa = PBXBuildFile; fileRef = 000000000000000000000009;};
00000000000000000000000A = {isa = PBXSourcesBuildPhase; buildActionMask = 2147483647; files = (00000000000000000000000E, 00000000000000000000000F); runOnlyForDeploymentPostprocessing = 0;};
00000000000000000000000B = {isa = PBXFrameworksBuildPhase; buildActionMask = 2147483647; files = (); runOnlyForDeploymentPostprocessing = 0;};
00000000000000000000000C = {isa = PBXResourcesBuildPhase; buildActionMask = 2147483647; files = (000000000000000000000010); runOnlyForDeploymentPostprocessing = 0;};
000000000000000000000014 = {isa = XCConfigurationList; buildConfigurations = (000000000000000000000016, 000000000000000000000017); defaultConfigurationIsVisible = 0; defaultConfigurationName = Release;};
000000000000000000000015 = {isa = XCConfigurationList; buildConfigurations = (000000000000000000000018, 000000000000000000000019); defaultConfigurationIsVisible = 0; defaultConfigurationName = Release;};
000000000000000000000016 = {isa = XCBuildConfiguration; buildSettings = {CLANG_ENABLE_MODULES = YES; SDKROOT = iphoneos; IPHONEOS_DEPLOYMENT_TARGET = 17.0; SWIFT_VERSION = 5.0; }; name = Debug;};
000000000000000000000017 = {isa = XCBuildConfiguration; buildSettings = {CLANG_ENABLE_MODULES = YES; SDKROOT = iphoneos; IPHONEOS_DEPLOYMENT_TARGET = 17.0; SWIFT_VERSION = 5.0; }; name = Release;};
000000000000000000000018 = {isa = XCBuildConfiguration; buildSettings = {CODE_SIGN_STYLE = Automatic; INFOPLIST_FILE = RealEstate/Info.plist; PRODUCT_BUNDLE_IDENTIFIER = com.aldemir.realestate; PRODUCT_NAME = "$(TARGET_NAME)"; TARGETED_DEVICE_FAMILY = "1,2"; SUPPORTED_PLATFORMS = "iphoneos iphonesimulator"; SWIFT_OPTIMIZATION_LEVEL = "-Onone"; }; name = Debug;};
000000000000000000000019 = {isa = XCBuildConfiguration; buildSettings = {CODE_SIGN_STYLE = Automatic; INFOPLIST_FILE = RealEstate/Info.plist; PRODUCT_BUNDLE_IDENTIFIER = com.aldemir.realestate; PRODUCT_NAME = "$(TARGET_NAME)"; TARGETED_DEVICE_FAMILY = "1,2"; SUPPORTED_PLATFORMS = "iphoneos iphonesimulator"; SWIFT_OPTIMIZATION_LEVEL = "-O"; }; name = Release;};
}; rootObject = 000000000000000000000001; }
